// !$*UTF8*$!
{
	archiveVersion = 1;
	classes = {
	};
	objectVersion = 46;
	objects = {

/* Begin PBXBuildFile section */
		57688436192D72D2006495C2 /* Foundation.framework in Frameworks */ = {isa = PBXBuildFile; fileRef = 57688435192D72D2006495C2 /* Foundation.framework */; };
		57688438192D72D2006495C2 /* CoreGraphics.framework in Frameworks */ = {isa = PBXBuildFile; fileRef = 57688437192D72D2006495C2 /* CoreGraphics.framework */; };
		5768843A192D72D2006495C2 /* UIKit.framework in Frameworks */ = {isa = PBXBuildFile; fileRef = 57688439192D72D2006495C2 /* UIKit.framework */; };
		57688440192D72D2006495C2 /* InfoPlist.strings in Resources */ = {isa = PBXBuildFile; fileRef = 5768843E192D72D2006495C2 /* InfoPlist.strings */; };
		57688442192D72D2006495C2 /* main.m in Sources */ = {isa = PBXBuildFile; fileRef = 57688441192D72D2006495C2 /* main.m */; };
		57688446192D72D2006495C2 /* MUPAppDelegate.m in Sources */ = {isa = PBXBuildFile; fileRef = 57688445192D72D2006495C2 /* MUPAppDelegate.m */; };
		57688449192D72D3006495C2 /* Main.storyboard in Resources */ = {isa = PBXBuildFile; fileRef = 57688447192D72D3006495C2 /* Main.storyboard */; };
		5768844C192D72D3006495C2 /* MUPViewController.m in Sources */ = {isa = PBXBuildFile; fileRef = 5768844B192D72D3006495C2 /* MUPViewController.m */; };
		5768844E192D72D3006495C2 /* Images.xcassets in Resources */ = {isa = PBXBuildFile; fileRef = 5768844D192D72D3006495C2 /* Images.xcassets */; };
		57688455192D72D3006495C2 /* XCTest.framework in Frameworks */ = {isa = PBXBuildFile; fileRef = 57688454192D72D3006495C2 /* XCTest.framework */; };
		57688456192D72D3006495C2 /* Foundation.framework in Frameworks */ = {isa = PBXBuildFile; fileRef = 57688435192D72D2006495C2 /* Foundation.framework */; };
		57688457192D72D3006495C2 /* UIKit.framework in Frameworks */ = {isa = PBXBuildFile; fileRef = 57688439192D72D2006495C2 /* UIKit.framework */; };
		5768845F192D72D3006495C2 /* InfoPlist.strings in Resources */ = {isa = PBXBuildFile; fileRef = 5768845D192D72D3006495C2 /* InfoPlist.strings */; };
		57688461192D72D3006495C2 /* OmikujiTests.m in Sources */ = {isa = PBXBuildFile; fileRef = 57688460192D72D3006495C2 /* OmikujiTests.m */; };
/* End PBXBuildFile section */

/* Begin PBXContainerItemProxy section */
		57688458192D72D3006495C2 /* PBXContainerItemProxy */ = {
			isa = PBXContainerItemProxy;
			containerPortal = 5768842A192D72D2006495C2 /* Project object */;
			proxyType = 1;
			remoteGlobalIDString = 57688431192D72D2006495C2;
			remoteInfo = Omikuji;
		};
/* End PBXContainerItemProxy section */

/* Begin PBXFileReference section */
		57688432192D72D2006495C2 /* Omikuji.app */ = {isa = PBXFileReference; explicitFileType = wrapper.application; includeInIndex = 0; path = Omikuji.app; sourceTree = BUILT_PRODUCTS_DIR; };
		57688435192D72D2006495C2 /* Foundation.framework */ = {isa = PBXFileReference; lastKnownFileType = wrapper.framework; name = Foundation.framework; path = System/Library/Frameworks/Foundation.framework; sourceTree = SDKROOT; };
		57688437192D72D2006495C2 /* CoreGraphics.framework */ = {isa = PBXFileReference; lastKnownFileType = wrapper.framework; name = CoreGraphics.framework; path = System/Library/Frameworks/CoreGraphics.framework; sourceTree = SDKROOT; };
		57688439192D72D2006495C2 /* UIKit.framework */ = {isa = PBXFileReference; lastKnownFileType = wrapper.framework; name = UIKit.framework; path = System/Library/Frameworks/UIKit.framework; sourceTree = SDKROOT; };
		5768843D192D72D2006495C2 /* Omikuji-Info.plist */ = {isa = PBXFileReference; lastKnownFileType = text.plist.xml; path = "Omikuji-Info.plist"; sourceTree = "<group>"; };
		5768843F192D72D2006495C2 /* en */ = {isa = PBXFileReference; lastKnownFileType = text.plist.strings; name = en; path = en.lproj/InfoPlist.strings; sourceTree = "<group>"; };
		57688441192D72D2006495C2 /* main.m */ = {isa = PBXFileReference; lastKnownFileType = sourcecode.c.objc; path = main.m; sourceTree = "<group>"; };
		57688443192D72D2006495C2 /* Omikuji-Prefix.pch */ = {isa = PBXFileReference; lastKnownFileType = sourcecode.c.h; path = "Omikuji-Prefix.pch"; sourceTree = "<group>"; };
		57688444192D72D2006495C2 /* MUPAppDelegate.h */ = {isa = PBXFileReference; lastKnownFileType = sourcecode.c.h; path = MUPAppDelegate.h; sourceTree = "<group>"; };
		57688445192D72D2006495C2 /* MUPAppDelegate.m */ = {isa = PBXFileReference; lastKnownFileType = sourcecode.c.objc; path = MUPAppDelegate.m; sourceTree = "<group>"; };
		57688448192D72D3006495C2 /* Base */ = {isa = PBXFileReference; lastKnownFileType = file.storyboard; name = Base; path = Base.lproj/Main.storyboard; sourceTree = "<group>"; };
		5768844A192D72D3006495C2 /* MUPViewController.h */ = {isa = PBXFileReference; lastKnownFileType = sourcecode.c.h; path = MUPViewController.h; sourceTree = "<group>"; };
		5768844B192D72D3006495C2 /* MUPViewController.m */ = {isa = PBXFileReference; lastKnownFileType = sourcecode.c.objc; path = MUPViewController.m; sourceTree = "<group>"; };
		5768844D192D72D3006495C2 /* Images.xcassets */ = {isa = PBXFileReference; lastKnownFileType = folder.assetcatalog; path = Images.xcassets; sourceTree = "<group>"; };
		57688453192D72D3006495C2 /* OmikujiTests.xctest */ = {isa = PBXFileReference; explicitFileType = wrapper.cfbundle; includeInIndex = 0; path = OmikujiTests.xctest; sourceTree = BUILT_PRODUCTS_DIR; };
		57688454192D72D3006495C2 /* XCTest.framework */ = {isa = PBXFileReference; lastKnownFileType = wrapper.framework; name = XCTest.framework; path = Library/Frameworks/XCTest.framework; sourceTree = DEVELOPER_DIR; };
		5768845C192D72D3006495C2 /* OmikujiTests-Info.plist */ = {isa = PBXFileReference; lastKnownFileType = text.plist.xml; path = "OmikujiTests-Info.plist"; sourceTree = "<group>"; };
		5768845E192D72D3006495C2 /* en */ = {isa = PBXFileReference; lastKnownFileType = text.plist.strings; name = en; path = en.lproj/InfoPlist.strings; sourceTree = "<group>"; };
		57688460192D72D3006495C2 /* OmikujiTests.m */ = {isa = PBXFileReference; lastKnownFileType = sourcecode.c.objc; path = OmikujiTests.m; sourceTree = "<group>"; };
/* End PBXFileReference section */

/* Begin PBXFrameworksBuildPhase section */
		5768842F192D72D2006495C2 /* Frameworks */ = {
			isa = PBXFrameworksBuildPhase;
			buildActionMask = 2147483647;
			files = (
				57688438192D72D2006495C2 /* CoreGraphics.framework in Frameworks */,
				5768843A192D72D2006495C2 /* UIKit.framework in Frameworks */,
				57688436192D72D2006495C2 /* Foundation.framework in Frameworks */,
			);
			runOnlyForDeploymentPostprocessing = 0;
		};
		57688450192D72D3006495C2 /* Frameworks */ = {
			isa = PBXFrameworksBuildPhase;
			buildActionMask = 2147483647;
			files = (
				57688455192D72D3006495C2 /* XCTest.framework in Frameworks */,
				57688457192D72D3006495C2 /* UIKit.framework in Frameworks */,
				57688456192D72D3006495C2 /* Foundation.framework in Frameworks */,
			);
			runOnlyForDeploymentPostprocessing = 0;
		};
/* End PBXFrameworksBuildPhase section */

/* Begin PBXGroup section */
		57688429192D72D2006495C2 = {
			isa = PBXGroup;
			children = (
				5768843B192D72D2006495C2 /* Omikuji */,
				5768845A192D72D3006495C2 /* OmikujiTests */,
				57688434192D72D2006495C2 /* Frameworks */,
				57688433192D72D2006495C2 /* Products */,
			);
			sourceTree = "<group>";
		};
		57688433192D72D2006495C2 /* Products */ = {
			isa = PBXGroup;
			children = (
				57688432192D72D2006495C2 /* Omikuji.app */,
				57688453192D72D3006495C2 /* OmikujiTests.xctest */,
			);
			name = Products;
			sourceTree = "<group>";
		};
		57688434192D72D2006495C2 /* Frameworks */ = {
			isa = PBXGroup;
			children = (
				57688435192D72D2006495C2 /* Foundation.framework */,
				57688437192D72D2006495C2 /* CoreGraphics.framework */,
				57688439192D72D2006495C2 /* UIKit.framework */,
				57688454192D72D3006495C2 /* XCTest.framework */,
			);
			name = Frameworks;
			sourceTree = "<group>";
		};
		5768843B192D72D2006495C2 /* Omikuji */ = {
			isa = PBXGroup;
			children = (
				57688444192D72D2006495C2 /* MUPAppDelegate.h */,
				57688445192D72D2006495C2 /* MUPAppDelegate.m */,
				57688447192D72D3006495C2 /* Main.storyboard */,
				5768844A192D72D3006495C2 /* MUPViewController.h */,
				5768844B192D72D3006495C2 /* MUPViewController.m */,
				5768844D192D72D3006495C2 /* Images.xcassets */,
				5768843C192D72D2006495C2 /* Supporting Files */,
			);
			path = Omikuji;
			sourceTree = "<group>";
		};
		5768843C192D72D2006495C2 /* Supporting Files */ = {
			isa = PBXGroup;
			children = (
				5768843D192D72D2006495C2 /* Omikuji-Info.plist */,
				5768843E192D72D2006495C2 /* InfoPlist.strings */,
				57688441192D72D2006495C2 /* main.m */,
				57688443192D72D2006495C2 /* Omikuji-Prefix.pch */,
			);
			name = "Supporting Files";
			sourceTree = "<group>";
		};
		5768845A192D72D3006495C2 /* OmikujiTests */ = {
			isa = PBXGroup;
			children = (
				57688460192D72D3006495C2 /* OmikujiTests.m */,
				5768845B192D72D3006495C2 /* Supporting Files */,
			);
			path = OmikujiTests;
			sourceTree = "<group>";
		};
		5768845B192D72D3006495C2 /* Supporting Files */ = {
			isa = PBXGroup;
			children = (
				5768845C192D72D3006495C2 /* OmikujiTests-Info.plist */,
				5768845D192D72D3006495C2 /* InfoPlist.strings */,
			);
			name = "Supporting Files";
			sourceTree = "<group>";
		};
/* End PBXGroup section */

/* Begin PBXNativeTarget section */
		57688431192D72D2006495C2 /* Omikuji */ = {
			isa = PBXNativeTarget;
			buildConfigurationList = 57688464192D72D3006495C2 /* Build configuration list for PBXNativeTarget "Omikuji" */;
			buildPhases = (
				5768842E192D72D2006495C2 /* Sources */,
				5768842F192D72D2006495C2 /* Frameworks */,
				57688430192D72D2006495C2 /* Resources */,
			);
			buildRules = (
			);
			dependencies = (
			);
			name = Omikuji;
			productName = Omikuji;
			productReference = 57688432192D72D2006495C2 /* Omikuji.app */;
			productType = "com.apple.product-type.application";
		};
		57688452192D72D3006495C2 /* OmikujiTests */ = {
			isa = PBXNativeTarget;
			buildConfigurationList = 57688467192D72D3006495C2 /* Build configuration list for PBXNativeTarget "OmikujiTests" */;
			buildPhases = (
				5768844F192D72D3006495C2 /* Sources */,
				57688450192D72D3006495C2 /* Frameworks */,
				57688451192D72D3006495C2 /* Resources */,
			);
			buildRules = (
			);
			dependencies = (
				57688459192D72D3006495C2 /* PBXTargetDependency */,
			);
			name = OmikujiTests;
			productName = OmikujiTests;
			productReference = 57688453192D72D3006495C2 /* OmikujiTests.xctest */;
			productType = "com.apple.product-type.bundle.unit-test";
		};
/* End PBXNativeTarget section */

/* Begin PBXProject section */
		5768842A192D72D2006495C2 /* Project object */ = {
			isa = PBXProject;
			attributes = {
				CLASSPREFIX = MUP;
				LastUpgradeCheck = 0510;
				ORGANIZATIONNAME = "COINS Project AID";
				TargetAttributes = {
					57688452192D72D3006495C2 = {
						TestTargetID = 57688431192D72D2006495C2;
					};
				};
			};
			buildConfigurationList = 5768842D192D72D2006495C2 /* Build configuration list for PBXProject "Omikuji" */;
			compatibilityVersion = "Xcode 3.2";
			developmentRegion = English;
			hasScannedForEncodings = 0;
			knownRegions = (
				en,
				Base,
			);
			mainGroup = 57688429192D72D2006495C2;
			productRefGroup = 57688433192D72D2006495C2 /* Products */;
			projectDirPath = "";
			projectRoot = "";
			targets = (
				57688431192D72D2006495C2 /* Omikuji */,
				57688452192D72D3006495C2 /* OmikujiTests */,
			);
		};
/* End PBXProject section */

/* Begin PBXResourcesBuildPhase section */
		57688430192D72D2006495C2 /* Resources */ = {
			isa = PBXResourcesBuildPhase;
			buildActionMask = 2147483647;
			files = (
				5768844E192D72D3006495C2 /* Images.xcassets in Resources */,
				57688440192D72D2006495C2 /* InfoPlist.strings in Resources */,
				57688449192D72D3006495C2 /* Main.storyboard in Resources */,
			);
			runOnlyForDeploymentPostprocessing = 0;
		};
		57688451192D72D3006495C2 /* Resources */ = {
			isa = PBXResourcesBuildPhase;
			buildActionMask = 2147483647;
			files = (
				5768845F192D72D3006495C2 /* InfoPlist.strings in Resources */,
			);
			runOnlyForDeploymentPostprocessing = 0;
		};
/* End PBXResourcesBuildPhase section */

/* Begin PBXSourcesBuildPhase section */
		5768842E192D72D2006495C2 /* Sources */ = {
			isa = PBXSourcesBuildPhase;
			buildActionMask = 2147483647;
			files = (
				57688442192D72D2006495C2 /* main.m in Sources */,
				5768844C192D72D3006495C2 /* MUPViewController.m in Sources */,
				57688446192D72D2006495C2 /* MUPAppDelegate.m in Sources */,
			);
			runOnlyForDeploymentPostprocessing = 0;
		};
		5768844F192D72D3006495C2 /* Sources */ = {
			isa = PBXSourcesBuildPhase;
			buildActionMask = 2147483647;
			files = (
				57688461192D72D3006495C2 /* OmikujiTests.m in Sources */,
			);
			runOnlyForDeploymentPostprocessing = 0;
		};
/* End PBXSourcesBuildPhase section */

/* Begin PBXTargetDependency section */
		57688459192D72D3006495C2 /* PBXTargetDependency */ = {
			isa = PBXTargetDependency;
			target = 57688431192D72D2006495C2 /* Omikuji */;
			targetProxy = 57688458192D72D3006495C2 /* PBXContainerItemProxy */;
		};
/* End PBXTargetDependency section */

/* Begin PBXVariantGroup section */
		5768843E192D72D2006495C2 /* InfoPlist.strings */ = {
			isa = PBXVariantGroup;
			children = (
				5768843F192D72D2006495C2 /* en */,
			);
			name = InfoPlist.strings;
			sourceTree = "<group>";
		};
		57688447192D72D3006495C2 /* Main.storyboard */ = {
			isa = PBXVariantGroup;
			children = (
				57688448192D72D3006495C2 /* Base */,
			);
			name = Main.storyboard;
			sourceTree = "<group>";
		};
		5768845D192D72D3006495C2 /* InfoPlist.strings */ = {
			isa = PBXVariantGroup;
			children = (
				5768845E192D72D3006495C2 /* en */,
			);
			name = InfoPlist.strings;
			sourceTree = "<group>";
		};
/* End PBXVariantGroup section */

/* Begin XCBuildConfiguration section */
		57688462192D72D3006495C2 /* Debug */ = {
			isa = XCBuildConfiguration;
			buildSettings = {
				ALWAYS_SEARCH_USER_PATHS = NO;
				CLANG_CXX_LANGUAGE_STANDARD = "gnu++0x";
				CLANG_CXX_LIBRARY = "libc++";
				CLANG_ENABLE_MODULES = YES;
				CLANG_ENABLE_OBJC_ARC = YES;
				CLANG_WARN_BOOL_CONVERSION = YES;
				CLANG_WARN_CONSTANT_CONVERSION = YES;
				CLANG_WARN_DIRECT_OBJC_ISA_USAGE = YES_ERROR;
				CLANG_WARN_EMPTY_BODY = YES;
				CLANG_WARN_ENUM_CONVERSION = YES;
				CLANG_WARN_INT_CONVERSION = YES;
				CLANG_WARN_OBJC_ROOT_CLASS = YES_ERROR;
				CLANG_WARN__DUPLICATE_METHOD_MATCH = YES;
				"CODE_SIGN_IDENTITY[sdk=iphoneos*]" = "iPhone Developer";
				COPY_PHASE_STRIP = NO;
				GCC_C_LANGUAGE_STANDARD = gnu99;
				GCC_DYNAMIC_NO_PIC = NO;
				GCC_OPTIMIZATION_LEVEL = 0;
				GCC_PREPROCESSOR_DEFINITIONS = (
					"DEBUG=1",
					"$(inherited)",
				);
				GCC_SYMBOLS_PRIVATE_EXTERN = NO;
				GCC_WARN_64_TO_32_BIT_CONVERSION = YES;
				GCC_WARN_ABOUT_RETURN_TYPE = YES_ERROR;
				GCC_WARN_UNDECLARED_SELECTOR = YES;
				GCC_WARN_UNINITIALIZED_AUTOS = YES_AGGRESSIVE;
				GCC_WARN_UNUSED_FUNCTION = YES;
				GCC_WARN_UNUSED_VARIABLE = YES;
				IPHONEOS_DEPLOYMENT_TARGET = 7.1;
				ONLY_ACTIVE_ARCH = YES;
				SDKROOT = iphoneos;
				TARGETED_DEVICE_FAMILY = 2;
			};
			name = Debug;
		};
		57688463192D72D3006495C2 /* Release */ = {
			isa = XCBuildConfiguration;
			buildSettings = {
				ALWAYS_SEARCH_USER_PATHS = NO;
				CLANG_CXX_LANGUAGE_STANDARD = "gnu++0x";
				CLANG_CXX_LIBRARY = "libc++";
				CLANG_ENABLE_MODULES = YES;
				CLANG_ENABLE_OBJC_ARC = YES;
				CLANG_WARN_BOOL_CONVERSION = YES;
				CLANG_WARN_CONSTANT_CONVERSION = YES;
				CLANG_WARN_DIRECT_OBJC_ISA_USAGE = YES_ERROR;
				CLANG_WARN_EMPTY_BODY = YES;
				CLANG_WARN_ENUM_CONVERSION = YES;
				CLANG_WARN_INT_CONVERSION = YES;
				CLANG_WARN_OBJC_ROOT_CLASS = YES_ERROR;
				CLANG_WARN__DUPLICATE_METHOD_MATCH = YES;
				"CODE_SIGN_IDENTITY[sdk=iphoneos*]" = "iPhone Developer";
				COPY_PHASE_STRIP = YES;
				ENABLE_NS_ASSERTIONS = NO;
				GCC_C_LANGUAGE_STANDARD = gnu99;
				GCC_WARN_64_TO_32_BIT_CONVERSION = YES;
				GCC_WARN_ABOUT_RETURN_TYPE = YES_ERROR;
				GCC_WARN_UNDECLARED_SELECTOR = YES;
				GCC_WARN_UNINITIALIZED_AUTOS = YES_AGGRESSIVE;
				GCC_WARN_UNUSED_FUNCTION = YES;
				GCC_WARN_UNUSED_VARIABLE = YES;
				IPHONEOS_DEPLOYMENT_TARGET = 7.1;
				SDKROOT = iphoneos;
				TARGETED_DEVICE_FAMILY = 2;
				VALIDATE_PRODUCT = YES;
			};
			name = Release;
		};
		57688465192D72D3006495C2 /* Debug */ = {
			isa = XCBuildConfiguration;
			buildSettings = {
				ASSETCATALOG_COMPILER_APPICON_NAME = AppIcon;
				ASSETCATALOG_COMPILER_LAUNCHIMAGE_NAME = LaunchImage;
				GCC_PRECOMPILE_PREFIX_HEADER = YES;
				GCC_PREFIX_HEADER = "Omikuji/Omikuji-Prefix.pch";
				INFOPLIST_FILE = "Omikuji/Omikuji-Info.plist";
				PRODUCT_NAME = "$(TARGET_NAME)";
				WRAPPER_EXTENSION = app;
			};
			name = Debug;
		};
		57688466192D72D3006495C2 /* Release */ = {
			isa = XCBuildConfiguration;
			buildSettings = {
				ASSETCATALOG_COMPILER_APPICON_NAME = AppIcon;
				ASSETCATALOG_COMPILER_LAUNCHIMAGE_NAME = LaunchImage;
				GCC_PRECOMPILE_PREFIX_HEADER = YES;
				GCC_PREFIX_HEADER = "Omikuji/Omikuji-Prefix.pch";
				INFOPLIST_FILE = "Omikuji/Omikuji-Info.plist";
				PRODUCT_NAME = "$(TARGET_NAME)";
				WRAPPER_EXTENSION = app;
			};
			name = Release;
		};
		57688468192D72D3006495C2 /* Debug */ = {
			isa = XCBuildConfiguration;
			buildSettings = {
				BUNDLE_LOADER = "$(BUILT_PRODUCTS_DIR)/Omikuji.app/Omikuji";
				FRAMEWORK_SEARCH_PATHS = (
					"$(SDKROOT)/Developer/Library/Frameworks",
					"$(inherited)",
					"$(DEVELOPER_FRAMEWORKS_DIR)",
				);
				GCC_PRECOMPILE_PREFIX_HEADER = YES;
				GCC_PREFIX_HEADER = "Omikuji/Omikuji-Prefix.pch";
				GCC_PREPROCESSOR_DEFINITIONS = (
					"DEBUG=1",
					"$(inherited)",
				);
				INFOPLIST_FILE = "OmikujiTests/OmikujiTests-Info.plist";
				PRODUCT_NAME = "$(TARGET_NAME)";
				TEST_HOST = "$(BUNDLE_LOADER)";
				WRAPPER_EXTENSION = xctest;
			};
			name = Debug;
		};
		57688469192D72D3006495C2 /* Release */ = {
			isa = XCBuildConfiguration;
			buildSettings = {
				BUNDLE_LOADER = "$(BUILT_PRODUCTS_DIR)/Omikuji.app/Omikuji";
				FRAMEWORK_SEARCH_PATHS = (
					"$(SDKROOT)/Developer/Library/Frameworks",
					"$(inherited)",
					"$(DEVELOPER_FRAMEWORKS_DIR)",
				);
				GCC_PRECOMPILE_PREFIX_HEADER = YES;
				GCC_PREFIX_HEADER = "Omikuji/Omikuji-Prefix.pch";
				INFOPLIST_FILE = "OmikujiTests/OmikujiTests-Info.plist";
				PRODUCT_NAME = "$(TARGET_NAME)";
				TEST_HOST = "$(BUNDLE_LOADER)";
				WRAPPER_EXTENSION = xctest;
			};
			name = Release;
		};
/* End XCBuildConfiguration section */

/* Begin XCConfigurationList section */
		5768842D192D72D2006495C2 /* Build configuration list for PBXProject "Omikuji" */ = {
			isa = XCConfigurationList;
			buildConfigurations = (
				57688462192D72D3006495C2 /* Debug */,
				57688463192D72D3006495C2 /* Release */,
			);
			defaultConfigurationIsVisible = 0;
			defaultConfigurationName = Release;
		};
		57688464192D72D3006495C2 /* Build configuration list for PBXNativeTarget "Omikuji" */ = {
			isa = XCConfigurationList;
			buildConfigurations = (
				57688465192D72D3006495C2 /* Debug */,
				57688466192D72D3006495C2 /* Release */,
			);
			defaultConfigurationIsVisible = 0;
		};
		57688467192D72D3006495C2 /* Build configuration list for PBXNativeTarget "OmikujiTests" */ = {
			isa = XCConfigurationList;
			buildConfigurations = (
				57688468192D72D3006495C2 /* Debug */,
				57688469192D72D3006495C2 /* Release */,
			);
			defaultConfigurationIsVisible = 0;
		};
/* End XCConfigurationList section */
	};
	rootObject = 5768842A192D72D2006495C2 /* Project object */;
}
